
Microsoft Visual Studio Solution File, Format Version 12.00
# Visual Studio Version 16
VisualStudioVersion = 16.0.29509.3
MinimumVisualStudioVersion = 10.0.40219.1
Project("{FAE04EC0-301F-11D3-BF4B-00C04F79EFBC}") = "WPF-HW6", "WPF-HW6\WPF-HW6.csproj", "{DC4D636E-9F9C-4DD1-802D-6D9A85AFABAD}"
EndProject
Global
	GlobalSection(SolutionConfigurationPlatforms) = preSolution
		Debug|Any CPU = Debug|Any CPU
		Release|Any CPU = Release|Any CPU
	EndGlobalSection
	GlobalSection(ProjectConfigurationPlatforms) = postSolution
		{DC4D636E-9F9C-4DD1-802D-6D9A85AFABAD}.Debug|Any CPU.ActiveCfg = Debug|Any CPU
		{DC4D636E-9F9C-4DD1-802D-6D9A85AFABAD}.Debug|Any CPU.Build.0 = Debug|Any CPU
		{DC4D636E-9F9C-4DD1-802D-6D9A85AFABAD}.Release|Any CPU.ActiveCfg = Release|Any CPU
		{DC4D636E-9F9C-4DD1-802D-6D9A85AFABAD}.Release|Any CPU.Build.0 = Release|Any CPU
	EndGlobalSection
	GlobalSection(SolutionProperties) = preSolution
		HideSolutionNode = FALSE
	EndGlobalSection
	GlobalSection(ExtensibilityGlobals) = postSolution
		SolutionGuid = {8D2E448E-F399-482D-AD30-2B8C15AD3442}
	EndGlobalSection
EndGlobal
